# This file is autogenerated, do not edit; changes may be undone by the next 'dep ensure'.


[[projects]]
  name = "github.com/fatih/structs"
  packages = ["."]
  revision = "a720dfa8df582c51dee1b36feabb906bde1588bd"
  version = "v1.0"

[[projects]]
  branch = "master"
  name = "github.com/golang/snappy"
  packages = ["."]
  revision = "553a641470496b2327abcac10b36396bd98e45c9"

[[projects]]
  branch = "master"
  name = "github.com/hashicorp/errwrap"
  packages = ["."]
  revision = "7554cd9344cec97297fa6649b055a8c98c2a1e55"

[[projects]]
  branch = "master"
  name = "github.com/hashicorp/go-cleanhttp"
  packages = ["."]
  revision = "3573b8b52aa7b37b9358d966a898feb387f62437"

[[projects]]
  branch = "master"
  name = "github.com/hashicorp/go-multierror"
  packages = ["."]
  revision = "83588e72410abfbe4df460eeb6f30841ae47d4c4"

[[projects]]
  branch = "master"
  name = "github.com/hashicorp/go-rootcerts"
  packages = ["."]
  revision = "6bb64b370b90e7ef1fa532be9e591a81c3493e00"

[[projects]]
  branch = "master"
  name = "github.com/hashicorp/hcl"
  packages = [".","hcl/ast","hcl/parser","hcl/scanner","hcl/strconv","hcl/token","json/parser","json/scanner","json/token"]
  revision = "8f6b1344a92ff8877cf24a5de9177bf7d0a2a187"

[[projects]]
  name = "github.com/hashicorp/vault"
  packages = ["api","helper/compressutil","helper/jsonutil","helper/parseutil"]
  revision = "9afe7330e06e486ee326621624f2077d88bc9511"
  version = "v0.8.2"

[[projects]]
  branch = "master"
  name = "github.com/mitchellh/go-homedir"
  packages = ["."]
  revision = "b8bc1bf767474819792c23f32d8286a45736f1c6"

[[projects]]
  branch = "master"
  name = "github.com/mitchellh/mapstructure"
  packages = ["."]
  revision = "d0303fe809921458f417bcf828397a65db30a7e4"

[[projects]]
  branch = "master"
  name = "github.com/sethgrid/pester"
  packages = ["."]
  revision = "a86a2d88f4dc3c7dbf3a6a6bbbfb095690b834b6"

[[projects]]
  branch = "master"
  name = "golang.org/x/net"
  packages = ["http2","http2/hpack","idna","lex/httplex"]
  revision = "66aacef3dd8a676686c7ae3716979581e8b03c47"

[[projects]]
  branch = "master"
  name = "golang.org/x/text"
  packages = ["internal/gen","internal/triegen","internal/ucd","secure/bidirule","transform","unicode/bidi","unicode/cldr","unicode/norm","unicode/rangetable"]
  revision = "bd91bbf73e9a4a801adbfb97133c992678533126"

[solve-meta]
  analyzer-name = "dep"
  analyzer-version = 1
  inputs-digest = "672f4c1deed2a32baf05b50275608daa44b1e3fc25851fbe6adcf1bdb1adee5a"
  solver-name = "gps-cdcl"
  solver-version = 1
